
Microsoft Visual Studio Solution File, Format Version 12.00
# Visual Studio Version 17
VisualStudioVersion = 17.5.002.0
MinimumVisualStudioVersion = 10.0.40219.1
Project("{2150E333-8FDC-42A3-9474-1A3956D46DE8}") = "backend", "backend", "{5835D508-25CF-4012-BD5B-1B531F4ED683}"
EndProject
Project("{9A19103F-16F7-4668-BE54-9A1E7A4F7556}") = "MonProjetAspNetCore", "backend\MonProjetAspNetCore\MonProjetAspNetCore.csproj", "{B4C3EBA6-4ED9-47C3-A8A5-3AC1B844F9F5}"
EndProject
Global
	GlobalSection(SolutionConfigurationPlatforms) = preSolution
		Debug|Any CPU = Debug|Any CPU
		Release|Any CPU = Release|Any CPU
	EndGlobalSection
	GlobalSection(ProjectConfigurationPlatforms) = postSolution
		{B4C3EBA6-4ED9-47C3-A8A5-3AC1B844F9F5}.Debug|Any CPU.ActiveCfg = Debug|Any CPU
		{B4C3EBA6-4ED9-47C3-A8A5-3AC1B844F9F5}.Debug|Any CPU.Build.0 = Debug|Any CPU
		{B4C3EBA6-4ED9-47C3-A8A5-3AC1B844F9F5}.Release|Any CPU.ActiveCfg = Release|Any CPU
		{B4C3EBA6-4ED9-47C3-A8A5-3AC1B844F9F5}.Release|Any CPU.Build.0 = Release|Any CPU
	EndGlobalSection
	GlobalSection(SolutionProperties) = preSolution
		HideSolutionNode = FALSE
	EndGlobalSection
	GlobalSection(NestedProjects) = preSolution
		{B4C3EBA6-4ED9-47C3-A8A5-3AC1B844F9F5} = {5835D508-25CF-4012-BD5B-1B531F4ED683}
	EndGlobalSection
	GlobalSection(ExtensibilityGlobals) = postSolution
		SolutionGuid = {A75007AA-2E21-47C7-89E9-5D54F713EEA6}
	EndGlobalSection
EndGlobal
